
Microsoft Visual Studio Solution File, Format Version 12.00
# Visual Studio Version 16
VisualStudioVersion = 16.0.31624.102
MinimumVisualStudioVersion = 10.0.40219.1
Project("{9A19103F-16F7-4668-BE54-9A1E7A4F7556}") = "ConsoleApp2", "ConsoleApp2\ConsoleApp2.csproj", "{555F8171-FB27-40B2-9FE1-36A87F4AFFE0}"
EndProject
Project("{9A19103F-16F7-4668-BE54-9A1E7A4F7556}") = "ConsoleApp1", "ConsoleApp1\ConsoleApp1.csproj", "{747ECD7A-F7C8-481F-B2E8-25D8C56D5605}"
EndProject
Project("{9A19103F-16F7-4668-BE54-9A1E7A4F7556}") = "Nproperty", "Nproperty\Nproperty.csproj", "{CEF8FD1F-3E47-4415-B341-1A619014E1B3}"
EndProject
Global
	GlobalSection(SolutionConfigurationPlatforms) = preSolution
		Debug|Any CPU = Debug|Any CPU
		Release|Any CPU = Release|Any CPU
	EndGlobalSection
	GlobalSection(ProjectConfigurationPlatforms) = postSolution
		{555F8171-FB27-40B2-9FE1-36A87F4AFFE0}.Debug|Any CPU.ActiveCfg = Debug|Any CPU
		{555F8171-FB27-40B2-9FE1-36A87F4AFFE0}.Debug|Any CPU.Build.0 = Debug|Any CPU
		{555F8171-FB27-40B2-9FE1-36A87F4AFFE0}.Release|Any CPU.ActiveCfg = Release|Any CPU
		{555F8171-FB27-40B2-9FE1-36A87F4AFFE0}.Release|Any CPU.Build.0 = Release|Any CPU
		{747ECD7A-F7C8-481F-B2E8-25D8C56D5605}.Debug|Any CPU.ActiveCfg = Debug|Any CPU
		{747ECD7A-F7C8-481F-B2E8-25D8C56D5605}.Debug|Any CPU.Build.0 = Debug|Any CPU
		{747ECD7A-F7C8-481F-B2E8-25D8C56D5605}.Release|Any CPU.ActiveCfg = Release|Any CPU
		{747ECD7A-F7C8-481F-B2E8-25D8C56D5605}.Release|Any CPU.Build.0 = Release|Any CPU
		{CEF8FD1F-3E47-4415-B341-1A619014E1B3}.Debug|Any CPU.ActiveCfg = Debug|Any CPU
		{CEF8FD1F-3E47-4415-B341-1A619014E1B3}.Debug|Any CPU.Build.0 = Debug|Any CPU
		{CEF8FD1F-3E47-4415-B341-1A619014E1B3}.Release|Any CPU.ActiveCfg = Release|Any CPU
		{CEF8FD1F-3E47-4415-B341-1A619014E1B3}.Release|Any CPU.Build.0 = Release|Any CPU
	EndGlobalSection
	GlobalSection(SolutionProperties) = preSolution
		HideSolutionNode = FALSE
	EndGlobalSection
	GlobalSection(ExtensibilityGlobals) = postSolution
		SolutionGuid = {1550F484-438A-4EF1-8CCD-CB1C1B24BCDF}
	EndGlobalSection
EndGlobal
